
Microsoft Visual Studio Solution File, Format Version 12.00
# Visual Studio Version 17
VisualStudioVersion = 17.8.34330.188
MinimumVisualStudioVersion = 10.0.40219.1
Project("{FAE04EC0-301F-11D3-BF4B-00C04F79EFBC}") = "FashionDesk", "FashionDesk\FashionDesk.csproj", "{2850774B-BD8D-425F-96C7-2B9A6AD8F3DA}"
EndProject
Project("{FAE04EC0-301F-11D3-BF4B-00C04F79EFBC}") = "FashionLib", "FashionLib\FashionLib.csproj", "{55E7CB62-1601-4431-9E92-820C2DC34725}"
EndProject
Global
	GlobalSection(SolutionConfigurationPlatforms) = preSolution
		Debug|Any CPU = Debug|Any CPU
		Release|Any CPU = Release|Any CPU
	EndGlobalSection
	GlobalSection(ProjectConfigurationPlatforms) = postSolution
		{2850774B-BD8D-425F-96C7-2B9A6AD8F3DA}.Debug|Any CPU.ActiveCfg = Debug|Any CPU
		{2850774B-BD8D-425F-96C7-2B9A6AD8F3DA}.Debug|Any CPU.Build.0 = Debug|Any CPU
		{2850774B-BD8D-425F-96C7-2B9A6AD8F3DA}.Release|Any CPU.ActiveCfg = Release|Any CPU
		{2850774B-BD8D-425F-96C7-2B9A6AD8F3DA}.Release|Any CPU.Build.0 = Release|Any CPU
		{55E7CB62-1601-4431-9E92-820C2DC34725}.Debug|Any CPU.ActiveCfg = Debug|Any CPU
		{55E7CB62-1601-4431-9E92-820C2DC34725}.Debug|Any CPU.Build.0 = Debug|Any CPU
		{55E7CB62-1601-4431-9E92-820C2DC34725}.Release|Any CPU.ActiveCfg = Release|Any CPU
		{55E7CB62-1601-4431-9E92-820C2DC34725}.Release|Any CPU.Build.0 = Release|Any CPU
	EndGlobalSection
	GlobalSection(SolutionProperties) = preSolution
		HideSolutionNode = FALSE
	EndGlobalSection
	GlobalSection(ExtensibilityGlobals) = postSolution
		SolutionGuid = {7EAFFD1C-4770-4CB9-87FE-9DB8FC6C0093}
	EndGlobalSection
EndGlobal
